
Microsoft Visual Studio Solution File, Format Version 12.00
# Visual Studio Version 16
VisualStudioVersion = 16.0.30907.101
MinimumVisualStudioVersion = 10.0.40219.1
Project("{9A19103F-16F7-4668-BE54-9A1E7A4F7556}") = "Glassnode.Api.Tests", "Glassnode.Api.Tests.csproj", "{B490C706-EB79-484D-81E2-B2A8CFD09ACD}"
EndProject
Global
	GlobalSection(SolutionConfigurationPlatforms) = preSolution
		Debug|Any CPU = Debug|Any CPU
		Release|Any CPU = Release|Any CPU
	EndGlobalSection
	GlobalSection(ProjectConfigurationPlatforms) = postSolution
		{B490C706-EB79-484D-81E2-B2A8CFD09ACD}.Debug|Any CPU.ActiveCfg = Debug|Any CPU
		{B490C706-EB79-484D-81E2-B2A8CFD09ACD}.Debug|Any CPU.Build.0 = Debug|Any CPU
		{B490C706-EB79-484D-81E2-B2A8CFD09ACD}.Release|Any CPU.ActiveCfg = Release|Any CPU
		{B490C706-EB79-484D-81E2-B2A8CFD09ACD}.Release|Any CPU.Build.0 = Release|Any CPU
	EndGlobalSection
	GlobalSection(SolutionProperties) = preSolution
		HideSolutionNode = FALSE
	EndGlobalSection
	GlobalSection(ExtensibilityGlobals) = postSolution
		SolutionGuid = {091B4C2F-ED94-403A-95A7-E6284A001B95}
	EndGlobalSection
EndGlobal
